
Microsoft Visual Studio Solution File, Format Version 12.00
# Visual Studio 2012
Project("{FAE04EC0-301F-11D3-BF4B-00C04F79EFBC}") = "KEngine.Lib", "KEngine.Lib.csproj", "{ABCAD9CA-1780-52C0-A074-4C970C2949C4}"
EndProject
Project("{FAE04EC0-301F-11D3-BF4B-00C04F79EFBC}") = "KEngine", "KEngine.csproj", "{062D043A-720C-83D5-7B24-0EACE782E936}"
EndProject
Project("{FAE04EC0-301F-11D3-BF4B-00C04F79EFBC}") = "KEngine.UI", "KEngine.UI.csproj", "{32263544-1EDE-7691-87E5-4FED73BC1182}"
EndProject
Project("{FAE04EC0-301F-11D3-BF4B-00C04F79EFBC}") = "KEngine.UI.Editor", "KEngine.UI.Editor.csproj", "{67FA413E-D310-40D4-1C88-CBF588DD105C}"
EndProject
Project("{FAE04EC0-301F-11D3-BF4B-00C04F79EFBC}") = "KEngine.Editor", "KEngine.Editor.csproj", "{BB8AB2E6-A758-A6EC-90EC-16137C598251}"
EndProject
Project("{FAE04EC0-301F-11D3-BF4B-00C04F79EFBC}") = "KEngine.Tools", "KEngine.Tools.csproj", "{65750BE9-D135-871F-9A70-D09C06F0CBFB}"
EndProject
Project("{FAE04EC0-301F-11D3-BF4B-00C04F79EFBC}") = "KEngine.Tests", "KEngine.Tests.csproj", "{A70B06E9-13CC-811F-DC06-CB9C4886C6FB}"
EndProject
Global
	GlobalSection(SolutionConfigurationPlatforms) = preSolution
		Debug|Any CPU = Debug|Any CPU
		Release|Any CPU = Release|Any CPU
	EndGlobalSection
	GlobalSection(ProjectConfigurationPlatforms) = postSolution
		{ABCAD9CA-1780-52C0-A074-4C970C2949C4}.Debug|Any CPU.ActiveCfg = Debug|Any CPU
		{ABCAD9CA-1780-52C0-A074-4C970C2949C4}.Debug|Any CPU.Build.0 = Debug|Any CPU
		{ABCAD9CA-1780-52C0-A074-4C970C2949C4}.Release|Any CPU.ActiveCfg = Release|Any CPU
		{ABCAD9CA-1780-52C0-A074-4C970C2949C4}.Release|Any CPU.Build.0 = Release|Any CPU
		{062D043A-720C-83D5-7B24-0EACE782E936}.Debug|Any CPU.ActiveCfg = Debug|Any CPU
		{062D043A-720C-83D5-7B24-0EACE782E936}.Debug|Any CPU.Build.0 = Debug|Any CPU
		{062D043A-720C-83D5-7B24-0EACE782E936}.Release|Any CPU.ActiveCfg = Release|Any CPU
		{062D043A-720C-83D5-7B24-0EACE782E936}.Release|Any CPU.Build.0 = Release|Any CPU
		{32263544-1EDE-7691-87E5-4FED73BC1182}.Debug|Any CPU.ActiveCfg = Debug|Any CPU
		{32263544-1EDE-7691-87E5-4FED73BC1182}.Debug|Any CPU.Build.0 = Debug|Any CPU
		{32263544-1EDE-7691-87E5-4FED73BC1182}.Release|Any CPU.ActiveCfg = Release|Any CPU
		{32263544-1EDE-7691-87E5-4FED73BC1182}.Release|Any CPU.Build.0 = Release|Any CPU
		{67FA413E-D310-40D4-1C88-CBF588DD105C}.Debug|Any CPU.ActiveCfg = Debug|Any CPU
		{67FA413E-D310-40D4-1C88-CBF588DD105C}.Debug|Any CPU.Build.0 = Debug|Any CPU
		{67FA413E-D310-40D4-1C88-CBF588DD105C}.Release|Any CPU.ActiveCfg = Release|Any CPU
		{67FA413E-D310-40D4-1C88-CBF588DD105C}.Release|Any CPU.Build.0 = Release|Any CPU
		{BB8AB2E6-A758-A6EC-90EC-16137C598251}.Debug|Any CPU.ActiveCfg = Debug|Any CPU
		{BB8AB2E6-A758-A6EC-90EC-16137C598251}.Debug|Any CPU.Build.0 = Debug|Any CPU
		{BB8AB2E6-A758-A6EC-90EC-16137C598251}.Release|Any CPU.ActiveCfg = Release|Any CPU
		{BB8AB2E6-A758-A6EC-90EC-16137C598251}.Release|Any CPU.Build.0 = Release|Any CPU
		{65750BE9-D135-871F-9A70-D09C06F0CBFB}.Debug|Any CPU.ActiveCfg = Debug|Any CPU
		{65750BE9-D135-871F-9A70-D09C06F0CBFB}.Debug|Any CPU.Build.0 = Debug|Any CPU
		{65750BE9-D135-871F-9A70-D09C06F0CBFB}.Release|Any CPU.ActiveCfg = Release|Any CPU
		{65750BE9-D135-871F-9A70-D09C06F0CBFB}.Release|Any CPU.Build.0 = Release|Any CPU
		{A70B06E9-13CC-811F-DC06-CB9C4886C6FB}.Debug|Any CPU.ActiveCfg = Debug|Any CPU
		{A70B06E9-13CC-811F-DC06-CB9C4886C6FB}.Debug|Any CPU.Build.0 = Debug|Any CPU
		{A70B06E9-13CC-811F-DC06-CB9C4886C6FB}.Release|Any CPU.ActiveCfg = Release|Any CPU
		{A70B06E9-13CC-811F-DC06-CB9C4886C6FB}.Release|Any CPU.Build.0 = Release|Any CPU
	EndGlobalSection
	GlobalSection(SolutionProperties) = preSolution
		HideSolutionNode = FALSE
	EndGlobalSection
EndGlobal
